
Microsoft Visual Studio Solution File, Format Version 12.00
Project("{FAE04EC0-301F-11D3-BF4B-00C04F79EFBC}") = "Mapas", "Mapas.csproj", "{90DDAB89-3E2A-4E0F-9B8C-2287BE26CABC}"
EndProject
Global
	GlobalSection(SolutionConfigurationPlatforms) = preSolution
		Debug|Any CPU = Debug|Any CPU
		Release|Any CPU = Release|Any CPU
	EndGlobalSection
	GlobalSection(ProjectConfigurationPlatforms) = postSolution
		{90DDAB89-3E2A-4E0F-9B8C-2287BE26CABC}.Debug|Any CPU.ActiveCfg = Debug|Any CPU
		{90DDAB89-3E2A-4E0F-9B8C-2287BE26CABC}.Debug|Any CPU.Build.0 = Debug|Any CPU
		{90DDAB89-3E2A-4E0F-9B8C-2287BE26CABC}.Release|Any CPU.ActiveCfg = Release|Any CPU
		{90DDAB89-3E2A-4E0F-9B8C-2287BE26CABC}.Release|Any CPU.Build.0 = Release|Any CPU
	EndGlobalSection
EndGlobal
